
Microsoft Visual Studio Solution File, Format Version 12.00
# Visual Studio Version 16
VisualStudioVersion = 16.0.30011.22
MinimumVisualStudioVersion = 10.0.40219.1
Project("{BBD0F5D1-1CC4-42FD-BA4C-A96779C64378}") = "Orders", "Orders\Orders.synproj", "{58660E0D-8965-45DD-A7EA-CAC0E0572198}"
EndProject
Project("{BBD0F5D1-1CC4-42FD-BA4C-A96779C64378}") = "SubsOLB", "SubsOLB\SubsOLB.synproj", "{8A3C6FD5-A284-4090-BF0F-DEAADC72E02E}"
EndProject
Project("{BBD0F5D1-1CC4-42FD-BA4C-A96779C64378}") = "SubsELB", "SubsELB\SubsELB.synproj", "{74046642-3657-4E5E-9C49-054AB3991B95}"
EndProject
Project("{BBD0F5D1-1CC4-42FD-BA4C-A96779C64378}") = "Repository", "Repository\Repository.synproj", "{8FE62F0D-4DFC-4468-9E54-9E6DB09CE3DE}"
EndProject
Global
	GlobalSection(SolutionConfigurationPlatforms) = preSolution
		Debug|Any CPU = Debug|Any CPU
		Debug|linux32 = Debug|linux32
		Debug|linux64 = Debug|linux64
		Debug|x64 = Debug|x64
		Debug|x86 = Debug|x86
		Release|Any CPU = Release|Any CPU
		Release|linux32 = Release|linux32
		Release|linux64 = Release|linux64
		Release|x64 = Release|x64
		Release|x86 = Release|x86
	EndGlobalSection
	GlobalSection(ProjectConfigurationPlatforms) = postSolution
		{58660E0D-8965-45DD-A7EA-CAC0E0572198}.Debug|Any CPU.ActiveCfg = Debug|x86
		{58660E0D-8965-45DD-A7EA-CAC0E0572198}.Debug|linux32.ActiveCfg = Debug|linux32
		{58660E0D-8965-45DD-A7EA-CAC0E0572198}.Debug|linux32.Build.0 = Debug|linux32
		{58660E0D-8965-45DD-A7EA-CAC0E0572198}.Debug|linux64.ActiveCfg = Debug|linux64
		{58660E0D-8965-45DD-A7EA-CAC0E0572198}.Debug|linux64.Build.0 = Debug|linux64
		{58660E0D-8965-45DD-A7EA-CAC0E0572198}.Debug|x64.ActiveCfg = Debug|x64
		{58660E0D-8965-45DD-A7EA-CAC0E0572198}.Debug|x64.Build.0 = Debug|x64
		{58660E0D-8965-45DD-A7EA-CAC0E0572198}.Debug|x86.ActiveCfg = Debug|x86
		{58660E0D-8965-45DD-A7EA-CAC0E0572198}.Debug|x86.Build.0 = Debug|x86
		{58660E0D-8965-45DD-A7EA-CAC0E0572198}.Release|Any CPU.ActiveCfg = Release|x86
		{58660E0D-8965-45DD-A7EA-CAC0E0572198}.Release|linux32.ActiveCfg = Release|linux32
		{58660E0D-8965-45DD-A7EA-CAC0E0572198}.Release|linux32.Build.0 = Release|linux32
		{58660E0D-8965-45DD-A7EA-CAC0E0572198}.Release|linux64.ActiveCfg = Release|linux64
		{58660E0D-8965-45DD-A7EA-CAC0E0572198}.Release|linux64.Build.0 = Release|linux64
		{58660E0D-8965-45DD-A7EA-CAC0E0572198}.Release|x64.ActiveCfg = Release|x64
		{58660E0D-8965-45DD-A7EA-CAC0E0572198}.Release|x64.Build.0 = Release|x64
		{58660E0D-8965-45DD-A7EA-CAC0E0572198}.Release|x86.ActiveCfg = Release|x86
		{58660E0D-8965-45DD-A7EA-CAC0E0572198}.Release|x86.Build.0 = Release|x86
		{8A3C6FD5-A284-4090-BF0F-DEAADC72E02E}.Debug|Any CPU.ActiveCfg = Debug|x86
		{8A3C6FD5-A284-4090-BF0F-DEAADC72E02E}.Debug|linux32.ActiveCfg = Debug|x86
		{8A3C6FD5-A284-4090-BF0F-DEAADC72E02E}.Debug|linux64.ActiveCfg = Debug|x86
		{8A3C6FD5-A284-4090-BF0F-DEAADC72E02E}.Debug|x64.ActiveCfg = Debug|x64
		{8A3C6FD5-A284-4090-BF0F-DEAADC72E02E}.Debug|x64.Build.0 = Debug|x64
		{8A3C6FD5-A284-4090-BF0F-DEAADC72E02E}.Debug|x86.ActiveCfg = Debug|x86
		{8A3C6FD5-A284-4090-BF0F-DEAADC72E02E}.Debug|x86.Build.0 = Debug|x86
		{8A3C6FD5-A284-4090-BF0F-DEAADC72E02E}.Release|Any CPU.ActiveCfg = Release|x86
		{8A3C6FD5-A284-4090-BF0F-DEAADC72E02E}.Release|linux32.ActiveCfg = Release|x86
		{8A3C6FD5-A284-4090-BF0F-DEAADC72E02E}.Release|linux64.ActiveCfg = Release|x86
		{8A3C6FD5-A284-4090-BF0F-DEAADC72E02E}.Release|x64.ActiveCfg = Release|x64
		{8A3C6FD5-A284-4090-BF0F-DEAADC72E02E}.Release|x64.Build.0 = Release|x64
		{8A3C6FD5-A284-4090-BF0F-DEAADC72E02E}.Release|x86.ActiveCfg = Release|x86
		{8A3C6FD5-A284-4090-BF0F-DEAADC72E02E}.Release|x86.Build.0 = Release|x86
		{74046642-3657-4E5E-9C49-054AB3991B95}.Debug|Any CPU.ActiveCfg = Debug|x86
		{74046642-3657-4E5E-9C49-054AB3991B95}.Debug|linux32.ActiveCfg = Debug|x86
		{74046642-3657-4E5E-9C49-054AB3991B95}.Debug|linux64.ActiveCfg = Debug|x86
		{74046642-3657-4E5E-9C49-054AB3991B95}.Debug|x64.ActiveCfg = Debug|x64
		{74046642-3657-4E5E-9C49-054AB3991B95}.Debug|x64.Build.0 = Debug|x64
		{74046642-3657-4E5E-9C49-054AB3991B95}.Debug|x86.ActiveCfg = Debug|x86
		{74046642-3657-4E5E-9C49-054AB3991B95}.Debug|x86.Build.0 = Debug|x86
		{74046642-3657-4E5E-9C49-054AB3991B95}.Release|Any CPU.ActiveCfg = Release|x86
		{74046642-3657-4E5E-9C49-054AB3991B95}.Release|linux32.ActiveCfg = Release|x86
		{74046642-3657-4E5E-9C49-054AB3991B95}.Release|linux64.ActiveCfg = Release|x86
		{74046642-3657-4E5E-9C49-054AB3991B95}.Release|x64.ActiveCfg = Release|x64
		{74046642-3657-4E5E-9C49-054AB3991B95}.Release|x64.Build.0 = Release|x64
		{74046642-3657-4E5E-9C49-054AB3991B95}.Release|x86.ActiveCfg = Release|x86
		{74046642-3657-4E5E-9C49-054AB3991B95}.Release|x86.Build.0 = Release|x86
		{8FE62F0D-4DFC-4468-9E54-9E6DB09CE3DE}.Debug|Any CPU.ActiveCfg = Debug|Any CPU
		{8FE62F0D-4DFC-4468-9E54-9E6DB09CE3DE}.Debug|Any CPU.Build.0 = Debug|Any CPU
		{8FE62F0D-4DFC-4468-9E54-9E6DB09CE3DE}.Debug|linux32.ActiveCfg = Debug|Any CPU
		{8FE62F0D-4DFC-4468-9E54-9E6DB09CE3DE}.Debug|linux32.Build.0 = Debug|Any CPU
		{8FE62F0D-4DFC-4468-9E54-9E6DB09CE3DE}.Debug|linux64.ActiveCfg = Debug|Any CPU
		{8FE62F0D-4DFC-4468-9E54-9E6DB09CE3DE}.Debug|linux64.Build.0 = Debug|Any CPU
		{8FE62F0D-4DFC-4468-9E54-9E6DB09CE3DE}.Debug|x64.ActiveCfg = Debug|Any CPU
		{8FE62F0D-4DFC-4468-9E54-9E6DB09CE3DE}.Debug|x64.Build.0 = Debug|Any CPU
		{8FE62F0D-4DFC-4468-9E54-9E6DB09CE3DE}.Debug|x86.ActiveCfg = Debug|Any CPU
		{8FE62F0D-4DFC-4468-9E54-9E6DB09CE3DE}.Debug|x86.Build.0 = Debug|Any CPU
		{8FE62F0D-4DFC-4468-9E54-9E6DB09CE3DE}.Release|Any CPU.ActiveCfg = Release|Any CPU
		{8FE62F0D-4DFC-4468-9E54-9E6DB09CE3DE}.Release|Any CPU.Build.0 = Release|Any CPU
		{8FE62F0D-4DFC-4468-9E54-9E6DB09CE3DE}.Release|linux32.ActiveCfg = Release|Any CPU
		{8FE62F0D-4DFC-4468-9E54-9E6DB09CE3DE}.Release|linux32.Build.0 = Release|Any CPU
		{8FE62F0D-4DFC-4468-9E54-9E6DB09CE3DE}.Release|linux64.ActiveCfg = Release|Any CPU
		{8FE62F0D-4DFC-4468-9E54-9E6DB09CE3DE}.Release|linux64.Build.0 = Release|Any CPU
		{8FE62F0D-4DFC-4468-9E54-9E6DB09CE3DE}.Release|x64.ActiveCfg = Release|Any CPU
		{8FE62F0D-4DFC-4468-9E54-9E6DB09CE3DE}.Release|x64.Build.0 = Release|Any CPU
		{8FE62F0D-4DFC-4468-9E54-9E6DB09CE3DE}.Release|x86.ActiveCfg = Release|Any CPU
		{8FE62F0D-4DFC-4468-9E54-9E6DB09CE3DE}.Release|x86.Build.0 = Release|Any CPU
	EndGlobalSection
	GlobalSection(SolutionProperties) = preSolution
		HideSolutionNode = FALSE
	EndGlobalSection
	GlobalSection(ExtensibilityGlobals) = postSolution
		SolutionGuid = {A757CBA4-4F1A-498B-A53B-7EF2044845E4}
	EndGlobalSection
EndGlobal
